
Microsoft Visual Studio Solution File, Format Version 12.00
# Visual Studio Version 16
VisualStudioVersion = 16.0.32106.194
MinimumVisualStudioVersion = 10.0.40219.1
Project("{FAE04EC0-301F-11D3-BF4B-00C04F79EFBC}") = "20220205", "20220205\20220205.csproj", "{2EF99DC8-D8CD-44FF-833F-AB91C3B20493}"
EndProject
Global
	GlobalSection(SolutionConfigurationPlatforms) = preSolution
		Debug|Any CPU = Debug|Any CPU
		Release|Any CPU = Release|Any CPU
	EndGlobalSection
	GlobalSection(ProjectConfigurationPlatforms) = postSolution
		{2EF99DC8-D8CD-44FF-833F-AB91C3B20493}.Debug|Any CPU.ActiveCfg = Debug|Any CPU
		{2EF99DC8-D8CD-44FF-833F-AB91C3B20493}.Debug|Any CPU.Build.0 = Debug|Any CPU
		{2EF99DC8-D8CD-44FF-833F-AB91C3B20493}.Release|Any CPU.ActiveCfg = Release|Any CPU
		{2EF99DC8-D8CD-44FF-833F-AB91C3B20493}.Release|Any CPU.Build.0 = Release|Any CPU
	EndGlobalSection
	GlobalSection(SolutionProperties) = preSolution
		HideSolutionNode = FALSE
	EndGlobalSection
	GlobalSection(ExtensibilityGlobals) = postSolution
		SolutionGuid = {BE7C3DB9-D6FE-40AC-9CA5-5DE2F5997242}
	EndGlobalSection
EndGlobal
